// !$*UTF8*$!
{
	archiveVersion = 1;
	classes = {
	};
	objectVersion = 50;
	objects = {

/* Begin PBXBuildFile section */
		B533A57620D7412600DFB954 /* AppDelegate.swift in Sources */ = {isa = PBXBuildFile; fileRef = B533A57520D7412600DFB954 /* AppDelegate.swift */; };
		B533A57820D7412600DFB954 /* GameScene.sks in Resources */ = {isa = PBXBuildFile; fileRef = B533A57720D7412600DFB954 /* GameScene.sks */; };
		B533A57A20D7412600DFB954 /* Actions.sks in Resources */ = {isa = PBXBuildFile; fileRef = B533A57920D7412600DFB954 /* Actions.sks */; };
		B533A57C20D7412600DFB954 /* GameScene.swift in Sources */ = {isa = PBXBuildFile; fileRef = B533A57B20D7412600DFB954 /* GameScene.swift */; };
		B533A57E20D7412600DFB954 /* GameViewController.swift in Sources */ = {isa = PBXBuildFile; fileRef = B533A57D20D7412600DFB954 /* GameViewController.swift */; };
		B533A58120D7412600DFB954 /* Main.storyboard in Resources */ = {isa = PBXBuildFile; fileRef = B533A57F20D7412600DFB954 /* Main.storyboard */; };
		B533A58320D7412600DFB954 /* Assets.xcassets in Resources */ = {isa = PBXBuildFile; fileRef = B533A58220D7412600DFB954 /* Assets.xcassets */; };
		B533A58620D7412600DFB954 /* LaunchScreen.storyboard in Resources */ = {isa = PBXBuildFile; fileRef = B533A58420D7412600DFB954 /* LaunchScreen.storyboard */; };
/* End PBXBuildFile section */

/* Begin PBXFileReference section */
		B533A57220D7412600DFB954 /* NumNum1.app */ = {isa = PBXFileReference; explicitFileType = wrapper.application; includeInIndex = 0; path = NumNum1.app; sourceTree = BUILT_PRODUCTS_DIR; };
		B533A57520D7412600DFB954 /* AppDelegate.swift */ = {isa = PBXFileReference; lastKnownFileType = sourcecode.swift; path = AppDelegate.swift; sourceTree = "<group>"; };
		B533A57720D7412600DFB954 /* GameScene.sks */ = {isa = PBXFileReference; lastKnownFileType = file.sks; path = GameScene.sks; sourceTree = "<group>"; };
		B533A57920D7412600DFB954 /* Actions.sks */ = {isa = PBXFileReference; lastKnownFileType = file.sks; path = Actions.sks; sourceTree = "<group>"; };
		B533A57B20D7412600DFB954 /* GameScene.swift */ = {isa = PBXFileReference; lastKnownFileType = sourcecode.swift; path = GameScene.swift; sourceTree = "<group>"; };
		B533A57D20D7412600DFB954 /* GameViewController.swift */ = {isa = PBXFileReference; lastKnownFileType = sourcecode.swift; path = GameViewController.swift; sourceTree = "<group>"; };
		B533A58020D7412600DFB954 /* Base */ = {isa = PBXFileReference; lastKnownFileType = file.storyboard; name = Base; path = Base.lproj/Main.storyboard; sourceTree = "<group>"; };
		B533A58220D7412600DFB954 /* Assets.xcassets */ = {isa = PBXFileReference; lastKnownFileType = folder.assetcatalog; path = Assets.xcassets; sourceTree = "<group>"; };
		B533A58520D7412600DFB954 /* Base */ = {isa = PBXFileReference; lastKnownFileType = file.storyboard; name = Base; path = Base.lproj/LaunchScreen.storyboard; sourceTree = "<group>"; };
		B533A58720D7412600DFB954 /* Info.plist */ = {isa = PBXFileReference; lastKnownFileType = text.plist.xml; path = Info.plist; sourceTree = "<group>"; };
/* End PBXFileReference section */

/* Begin PBXFrameworksBuildPhase section */
		B533A56F20D7412600DFB954 /* Frameworks */ = {
			isa = PBXFrameworksBuildPhase;
			buildActionMask = 2147483647;
			files = (
			);
			runOnlyForDeploymentPostprocessing = 0;
		};
/* End PBXFrameworksBuildPhase section */

/* Begin PBXGroup section */
		B533A56920D7412600DFB954 = {
			isa = PBXGroup;
			children = (
				B533A57420D7412600DFB954 /* NumNum1 */,
				B533A57320D7412600DFB954 /* Products */,
			);
			sourceTree = "<group>";
		};
		B533A57320D7412600DFB954 /* Products */ = {
			isa = PBXGroup;
			children = (
				B533A57220D7412600DFB954 /* NumNum1.app */,
			);
			name = Products;
			sourceTree = "<group>";
		};
		B533A57420D7412600DFB954 /* NumNum1 */ = {
			isa = PBXGroup;
			children = (
				B533A57520D7412600DFB954 /* AppDelegate.swift */,
				B533A57720D7412600DFB954 /* GameScene.sks */,
				B533A57920D7412600DFB954 /* Actions.sks */,
				B533A57B20D7412600DFB954 /* GameScene.swift */,
				B533A57D20D7412600DFB954 /* GameViewController.swift */,
				B533A57F20D7412600DFB954 /* Main.storyboard */,
				B533A58220D7412600DFB954 /* Assets.xcassets */,
				B533A58420D7412600DFB954 /* LaunchScreen.storyboard */,
				B533A58720D7412600DFB954 /* Info.plist */,
			);
			path = NumNum1;
			sourceTree = "<group>";
		};
/* End PBXGroup section */

/* Begin PBXNativeTarget section */
		B533A57120D7412600DFB954 /* NumNum1 */ = {
			isa = PBXNativeTarget;
			buildConfigurationList = B533A58A20D7412600DFB954 /* Build configuration list for PBXNativeTarget "NumNum1" */;
			buildPhases = (
				B533A56E20D7412600DFB954 /* Sources */,
				B533A56F20D7412600DFB954 /* Frameworks */,
				B533A57020D7412600DFB954 /* Resources */,
			);
			buildRules = (
			);
			dependencies = (
			);
			name = NumNum1;
			productName = NumNum1;
			productReference = B533A57220D7412600DFB954 /* NumNum1.app */;
			productType = "com.apple.product-type.application";
		};
/* End PBXNativeTarget section */

/* Begin PBXProject section */
		B533A56A20D7412600DFB954 /* Project object */ = {
			isa = PBXProject;
			attributes = {
				LastSwiftUpdateCheck = 0940;
				LastUpgradeCheck = 0940;
				ORGANIZATIONNAME = "Benedict  Tedjokusumo";
				TargetAttributes = {
					B533A57120D7412600DFB954 = {
						CreatedOnToolsVersion = 9.4;
					};
				};
			};
			buildConfigurationList = B533A56D20D7412600DFB954 /* Build configuration list for PBXProject "NumNum1" */;
			compatibilityVersion = "Xcode 9.3";
			developmentRegion = en;
			hasScannedForEncodings = 0;
			knownRegions = (
				en,
				Base,
			);
			mainGroup = B533A56920D7412600DFB954;
			productRefGroup = B533A57320D7412600DFB954 /* Products */;
			projectDirPath = "";
			projectRoot = "";
			targets = (
				B533A57120D7412600DFB954 /* NumNum1 */,
			);
		};
/* End PBXProject section */

/* Begin PBXResourcesBuildPhase section */
		B533A57020D7412600DFB954 /* Resources */ = {
			isa = PBXResourcesBuildPhase;
			buildActionMask = 2147483647;
			files = (
				B533A58120D7412600DFB954 /* Main.storyboard in Resources */,
				B533A57820D7412600DFB954 /* GameScene.sks in Resources */,
				B533A58320D7412600DFB954 /* Assets.xcassets in Resources */,
				B533A58620D7412600DFB954 /* LaunchScreen.storyboard in Resources */,
				B533A57A20D7412600DFB954 /* Actions.sks in Resources */,
			);
			runOnlyForDeploymentPostprocessing = 0;
		};
/* End PBXResourcesBuildPhase section */

/* Begin PBXSourcesBuildPhase section */
		B533A56E20D7412600DFB954 /* Sources */ = {
			isa = PBXSourcesBuildPhase;
			buildActionMask = 2147483647;
			files = (
				B533A57C20D7412600DFB954 /* GameScene.swift in Sources */,
				B533A57E20D7412600DFB954 /* GameViewController.swift in Sources */,
				B533A57620D7412600DFB954 /* AppDelegate.swift in Sources */,
			);
			runOnlyForDeploymentPostprocessing = 0;
		};
/* End PBXSourcesBuildPhase section */

/* Begin PBXVariantGroup section */
		B533A57F20D7412600DFB954 /* Main.storyboard */ = {
			isa = PBXVariantGroup;
			children = (
				B533A58020D7412600DFB954 /* Base */,
			);
			name = Main.storyboard;
			sourceTree = "<group>";
		};
		B533A58420D7412600DFB954 /* LaunchScreen.storyboard */ = {
			isa = PBXVariantGroup;
			children = (
				B533A58520D7412600DFB954 /* Base */,
			);
			name = LaunchScreen.storyboard;
			sourceTree = "<group>";
		};
/* End PBXVariantGroup section */

/* Begin XCBuildConfiguration section */
		B533A58820D7412600DFB954 /* Debug */ = {
			isa = XCBuildConfiguration;
			buildSettings = {
				ALWAYS_SEARCH_USER_PATHS = NO;
				CLANG_ANALYZER_NONNULL = YES;
				CLANG_ANALYZER_NUMBER_OBJECT_CONVERSION = YES_AGGRESSIVE;
				CLANG_CXX_LANGUAGE_STANDARD = "gnu++14";
				CLANG_CXX_LIBRARY = "libc++";
				CLANG_ENABLE_MODULES = YES;
				CLANG_ENABLE_OBJC_ARC = YES;
				CLANG_ENABLE_OBJC_WEAK = YES;
				CLANG_WARN_BLOCK_CAPTURE_AUTORELEASING = YES;
				CLANG_WARN_BOOL_CONVERSION = YES;
				CLANG_WARN_COMMA = YES;
				CLANG_WARN_CONSTANT_CONVERSION = YES;
				CLANG_WARN_DEPRECATED_OBJC_IMPLEMENTATIONS = YES;
				CLANG_WARN_DIRECT_OBJC_ISA_USAGE = YES_ERROR;
				CLANG_WARN_DOCUMENTATION_COMMENTS = YES;
				CLANG_WARN_EMPTY_BODY = YES;
				CLANG_WARN_ENUM_CONVERSION = YES;
				CLANG_WARN_INFINITE_RECURSION = YES;
				CLANG_WARN_INT_CONVERSION = YES;
				CLANG_WARN_NON_LITERAL_NULL_CONVERSION = YES;
				CLANG_WARN_OBJC_IMPLICIT_RETAIN_SELF = YES;
				CLANG_WARN_OBJC_LITERAL_CONVERSION = YES;
				CLANG_WARN_OBJC_ROOT_CLASS = YES_ERROR;
				CLANG_WARN_RANGE_LOOP_ANALYSIS = YES;
				CLANG_WARN_STRICT_PROTOTYPES = YES;
				CLANG_WARN_SUSPICIOUS_MOVE = YES;
				CLANG_WARN_UNGUARDED_AVAILABILITY = YES_AGGRESSIVE;
				CLANG_WARN_UNREACHABLE_CODE = YES;
				CLANG_WARN__DUPLICATE_METHOD_MATCH = YES;
				CODE_SIGN_IDENTITY = "iPhone Developer";
				COPY_PHASE_STRIP = NO;
				DEBUG_INFORMATION_FORMAT = dwarf;
				ENABLE_STRICT_OBJC_MSGSEND = YES;
				ENABLE_TESTABILITY = YES;
				GCC_C_LANGUAGE_STANDARD = gnu11;
				GCC_DYNAMIC_NO_PIC = NO;
				GCC_NO_COMMON_BLOCKS = YES;
				GCC_OPTIMIZATION_LEVEL = 0;
				GCC_PREPROCESSOR_DEFINITIONS = (
					"DEBUG=1",
					"$(inherited)",
				);
				GCC_WARN_64_TO_32_BIT_CONVERSION = YES;
				GCC_WARN_ABOUT_RETURN_TYPE = YES_ERROR;
				GCC_WARN_UNDECLARED_SELECTOR = YES;
				GCC_WARN_UNINITIALIZED_AUTOS = YES_AGGRESSIVE;
				GCC_WARN_UNUSED_FUNCTION = YES;
				GCC_WARN_UNUSED_VARIABLE = YES;
				IPHONEOS_DEPLOYMENT_TARGET = 11.4;
				MTL_ENABLE_DEBUG_INFO = YES;
				ONLY_ACTIVE_ARCH = YES;
				SDKROOT = iphoneos;
				SWIFT_ACTIVE_COMPILATION_CONDITIONS = DEBUG;
				SWIFT_OPTIMIZATION_LEVEL = "-Onone";
			};
			name = Debug;
		};
		B533A58920D7412600DFB954 /* Release */ = {
			isa = XCBuildConfiguration;
			buildSettings = {
				ALWAYS_SEARCH_USER_PATHS = NO;
				CLANG_ANALYZER_NONNULL = YES;
				CLANG_ANALYZER_NUMBER_OBJECT_CONVERSION = YES_AGGRESSIVE;
				CLANG_CXX_LANGUAGE_STANDARD = "gnu++14";
				CLANG_CXX_LIBRARY = "libc++";
				CLANG_ENABLE_MODULES = YES;
				CLANG_ENABLE_OBJC_ARC = YES;
				CLANG_ENABLE_OBJC_WEAK = YES;
				CLANG_WARN_BLOCK_CAPTURE_AUTORELEASING = YES;
				CLANG_WARN_BOOL_CONVERSION = YES;
				CLANG_WARN_COMMA = YES;
				CLANG_WARN_CONSTANT_CONVERSION = YES;
				CLANG_WARN_DEPRECATED_OBJC_IMPLEMENTATIONS = YES;
				CLANG_WARN_DIRECT_OBJC_ISA_USAGE = YES_ERROR;
				CLANG_WARN_DOCUMENTATION_COMMENTS = YES;
				CLANG_WARN_EMPTY_BODY = YES;
				CLANG_WARN_ENUM_CONVERSION = YES;
				CLANG_WARN_INFINITE_RECURSION = YES;
				CLANG_WARN_INT_CONVERSION = YES;
				CLANG_WARN_NON_LITERAL_NULL_CONVERSION = YES;
				CLANG_WARN_OBJC_IMPLICIT_RETAIN_SELF = YES;
				CLANG_WARN_OBJC_LITERAL_CONVERSION = YES;
				CLANG_WARN_OBJC_ROOT_CLASS = YES_ERROR;
				CLANG_WARN_RANGE_LOOP_ANALYSIS = YES;
				CLANG_WARN_STRICT_PROTOTYPES = YES;
				CLANG_WARN_SUSPICIOUS_MOVE = YES;
				CLANG_WARN_UNGUARDED_AVAILABILITY = YES_AGGRESSIVE;
				CLANG_WARN_UNREACHABLE_CODE = YES;
				CLANG_WARN__DUPLICATE_METHOD_MATCH = YES;
				CODE_SIGN_IDENTITY = "iPhone Developer";
				COPY_PHASE_STRIP = NO;
				DEBUG_INFORMATION_FORMAT = "dwarf-with-dsym";
				ENABLE_NS_ASSERTIONS = NO;
				ENABLE_STRICT_OBJC_MSGSEND = YES;
				GCC_C_LANGUAGE_STANDARD = gnu11;
				GCC_NO_COMMON_BLOCKS = YES;
				GCC_WARN_64_TO_32_BIT_CONVERSION = YES;
				GCC_WARN_ABOUT_RETURN_TYPE = YES_ERROR;
				GCC_WARN_UNDECLARED_SELECTOR = YES;
				GCC_WARN_UNINITIALIZED_AUTOS = YES_AGGRESSIVE;
				GCC_WARN_UNUSED_FUNCTION = YES;
				GCC_WARN_UNUSED_VARIABLE = YES;
				IPHONEOS_DEPLOYMENT_TARGET = 11.4;
				MTL_ENABLE_DEBUG_INFO = NO;
				SDKROOT = iphoneos;
				SWIFT_COMPILATION_MODE = wholemodule;
				SWIFT_OPTIMIZATION_LEVEL = "-O";
				VALIDATE_PRODUCT = YES;
			};
			name = Release;
		};
		B533A58B20D7412600DFB954 /* Debug */ = {
			isa = XCBuildConfiguration;
			buildSettings = {
				ASSETCATALOG_COMPILER_APPICON_NAME = AppIcon;
				CODE_SIGN_STYLE = Automatic;
				INFOPLIST_FILE = NumNum1/Info.plist;
				LD_RUNPATH_SEARCH_PATHS = (
					"$(inherited)",
					"@executable_path/Frameworks",
				);
				PRODUCT_BUNDLE_IDENTIFIER = ongno.NumNum1;
				PRODUCT_NAME = "$(TARGET_NAME)";
				SWIFT_VERSION = 4.0;
				TARGETED_DEVICE_FAMILY = "1,2";
			};
			name = Debug;
		};
		B533A58C20D7412600DFB954 /* Release */ = {
			isa = XCBuildConfiguration;
			buildSettings = {
				ASSETCATALOG_COMPILER_APPICON_NAME = AppIcon;
				CODE_SIGN_STYLE = Automatic;
				INFOPLIST_FILE = NumNum1/Info.plist;
				LD_RUNPATH_SEARCH_PATHS = (
					"$(inherited)",
					"@executable_path/Frameworks",
				);
				PRODUCT_BUNDLE_IDENTIFIER = ongno.NumNum1;
				PRODUCT_NAME = "$(TARGET_NAME)";
				SWIFT_VERSION = 4.0;
				TARGETED_DEVICE_FAMILY = "1,2";
			};
			name = Release;
		};
/* End XCBuildConfiguration section */

/* Begin XCConfigurationList section */
		B533A56D20D7412600DFB954 /* Build configuration list for PBXProject "NumNum1" */ = {
			isa = XCConfigurationList;
			buildConfigurations = (
				B533A58820D7412600DFB954 /* Debug */,
				B533A58920D7412600DFB954 /* Release */,
			);
			defaultConfigurationIsVisible = 0;
			defaultConfigurationName = Release;
		};
		B533A58A20D7412600DFB954 /* Build configuration list for PBXNativeTarget "NumNum1" */ = {
			isa = XCConfigurationList;
			buildConfigurations = (
				B533A58B20D7412600DFB954 /* Debug */,
				B533A58C20D7412600DFB954 /* Release */,
			);
			defaultConfigurationIsVisible = 0;
			defaultConfigurationName = Release;
		};
/* End XCConfigurationList section */
	};
	rootObject = B533A56A20D7412600DFB954 /* Project object */;
}
